github.com/kilic/bls12-381 v0.1.0 h1:encrdjqKMEvabVQ7qYOKu1OvhqpK4s47wDYtNiPtlp4=
github.com/kilic/bls12-381 v0.1.0/go.mod h1:vDTTHJONJ6G+P2R74EhnyotQDTliQDnFEwhdmfzw1ig=
golang.org/x/sys v0.0.0-20201101102859-da207088b7d1 h1:a/mKvvZr9Jcc8oKfcmgzyp7OwF73JPWsQLvH1z2Kxck=
golang.org/x/sys v0.0.0-20201101102859-da207088b7d1/go.mod h1:h1NjWce9XRLGQEsW7wpKNCjG9DtNlClVuFLEZdDNbEs=
gopkg.in/check.v1 v0.0.0-20161208181325-20d25e280405 h1:yhCVgyC4o1eVCa2tZl7eS0r+SDo693bJlVdllGtEeKM=
gopkg.in/check.v1 v0.0.0-20161208181325-20d25e280405/go.mod h1:Co6ibVJAznAaIkqp8huTwlJQCZ016jof/cbN4VW5Yz0=
gopkg.in/yaml.v3 v3.0.0-20210107192922-496545a6307b h1:h8qDotaEPuJATrMmW04NCwg7v22aHH28wwpauUhK9Oo=
gopkg.in/yaml.v3 v3.0.0-20210107192922-496545a6307b/go.mod h1:K4uyk7z7BCEPqu6E+C64Yfv1cQ7kz7rIZviUmN+EgEM=
